
Microsoft Visual Studio Solution File, Format Version 12.00
# Visual Studio Version 16
VisualStudioVersion = 16.0.31410.357
MinimumVisualStudioVersion = 10.0.40219.1
Project("{9A19103F-16F7-4668-BE54-9A1E7A4F7556}") = "NotAnAPI.ReKact", "NotAnAPI.ReKact\NotAnAPI.ReKact.csproj", "{47C241BD-B4B0-4D9B-B5DF-08B778F9B208}"
EndProject
Project("{9A19103F-16F7-4668-BE54-9A1E7A4F7556}") = "NotAnAPI.ReKact.Tests", "NotAnAPI.ReKact.Tests\NotAnAPI.ReKact.Tests.csproj", "{D299319A-79CF-4AFF-8FB2-3A491F7A27C8}"
EndProject
Project("{FAE04EC0-301F-11D3-BF4B-00C04F79EFBC}") = "NotAnAPI.ReKact.Core", "NotAnAPI.ReKact.Core\NotAnAPI.ReKact.Core.csproj", "{F37776C9-578A-426D-9A41-58C31EF0A79B}"
EndProject
Global
	GlobalSection(SolutionConfigurationPlatforms) = preSolution
		Debug|Any CPU = Debug|Any CPU
		Release|Any CPU = Release|Any CPU
	EndGlobalSection
	GlobalSection(ProjectConfigurationPlatforms) = postSolution
		{47C241BD-B4B0-4D9B-B5DF-08B778F9B208}.Debug|Any CPU.ActiveCfg = Debug|Any CPU
		{47C241BD-B4B0-4D9B-B5DF-08B778F9B208}.Debug|Any CPU.Build.0 = Debug|Any CPU
		{47C241BD-B4B0-4D9B-B5DF-08B778F9B208}.Release|Any CPU.ActiveCfg = Release|Any CPU
		{47C241BD-B4B0-4D9B-B5DF-08B778F9B208}.Release|Any CPU.Build.0 = Release|Any CPU
		{D299319A-79CF-4AFF-8FB2-3A491F7A27C8}.Debug|Any CPU.ActiveCfg = Debug|Any CPU
		{D299319A-79CF-4AFF-8FB2-3A491F7A27C8}.Debug|Any CPU.Build.0 = Debug|Any CPU
		{D299319A-79CF-4AFF-8FB2-3A491F7A27C8}.Release|Any CPU.ActiveCfg = Release|Any CPU
		{D299319A-79CF-4AFF-8FB2-3A491F7A27C8}.Release|Any CPU.Build.0 = Release|Any CPU
		{F37776C9-578A-426D-9A41-58C31EF0A79B}.Debug|Any CPU.ActiveCfg = Debug|Any CPU
		{F37776C9-578A-426D-9A41-58C31EF0A79B}.Debug|Any CPU.Build.0 = Debug|Any CPU
		{F37776C9-578A-426D-9A41-58C31EF0A79B}.Release|Any CPU.ActiveCfg = Release|Any CPU
		{F37776C9-578A-426D-9A41-58C31EF0A79B}.Release|Any CPU.Build.0 = Release|Any CPU
	EndGlobalSection
	GlobalSection(SolutionProperties) = preSolution
		HideSolutionNode = FALSE
	EndGlobalSection
	GlobalSection(ExtensibilityGlobals) = postSolution
		SolutionGuid = {D26D727F-7676-47FA-81DE-167C397B0563}
	EndGlobalSection
EndGlobal
